{
  "version": "5",
  "specifiers": {
    "jsr:@supabase/functions-js@*": "2.90.1"
  },
  "jsr": {
    "@supabase/functions-js@2.90.1": {
      "integrity": "9a077ecf42aa84594ef3aac621d643e15ffaa9506a4c051e35c93f127ffdb035"
    }
  },
  "workspace": {
    "packageJson": {
      "dependencies": [
        "npm:@eslint/js@^9.9.1",
        "npm:@supabase/supabase-js@^2.57.4",
        "npm:@tanstack/react-query@^5.90.20",
        "npm:@testing-library/jest-dom@^6.9.1",
        "npm:@testing-library/react@^16.3.2",
        "npm:@testing-library/user-event@^14.6.1",
        "npm:@types/react-dom@^18.3.0",
        "npm:@types/react@^18.3.5",
        "npm:@vitejs/plugin-react@^4.3.1",
        "npm:autoprefixer@^10.4.18",
        "npm:eslint-plugin-react-hooks@^5.1.0-rc.0",
        "npm:eslint-plugin-react-refresh@~0.4.11",
        "npm:eslint@^9.9.1",
        "npm:globals@^15.9.0",
        "npm:jsdom@28",
        "npm:lucide-react@0.344",
        "npm:postcss@^8.4.35",
        "npm:react-dom@^18.3.1",
        "npm:react-router-dom@^7.13.0",
        "npm:react@^18.3.1",
        "npm:tailwindcss@^3.4.1",
        "npm:typescript-eslint@^8.3.0",
        "npm:typescript@^5.5.3",
        "npm:vite@^5.4.2",
        "npm:vitest@^4.0.18"
      ]
    }
  }
}
